
Microsoft Visual Studio Solution File, Format Version 12.00
# Visual Studio Version 16
VisualStudioVersion = 16.0.31911.196
MinimumVisualStudioVersion = 10.0.40219.1
Project("{FAE04EC0-301F-11D3-BF4B-00C04F79EFBC}") = "Program", "Program.csproj", "{C9ACE08D-BC7A-429F-8AF2-9EA3AE598392}"
EndProject
Global
	GlobalSection(SolutionConfigurationPlatforms) = preSolution
		Debug|Any CPU = Debug|Any CPU
		Release|Any CPU = Release|Any CPU
	EndGlobalSection
	GlobalSection(ProjectConfigurationPlatforms) = postSolution
		{C9ACE08D-BC7A-429F-8AF2-9EA3AE598392}.Debug|Any CPU.ActiveCfg = Debug|Any CPU
		{C9ACE08D-BC7A-429F-8AF2-9EA3AE598392}.Debug|Any CPU.Build.0 = Debug|Any CPU
		{C9ACE08D-BC7A-429F-8AF2-9EA3AE598392}.Release|Any CPU.ActiveCfg = Release|Any CPU
		{C9ACE08D-BC7A-429F-8AF2-9EA3AE598392}.Release|Any CPU.Build.0 = Release|Any CPU
	EndGlobalSection
	GlobalSection(SolutionProperties) = preSolution
		HideSolutionNode = FALSE
	EndGlobalSection
	GlobalSection(ExtensibilityGlobals) = postSolution
		SolutionGuid = {FFD30A6A-2714-4C3C-BB52-F5736C0430F7}
	EndGlobalSection
EndGlobal
